
Microsoft Visual Studio Solution File, Format Version 12.00
# Visual Studio 15
VisualStudioVersion = 15.0.27130.2027
MinimumVisualStudioVersion = 10.0.40219.1
Project("{FAE04EC0-301F-11D3-BF4B-00C04F79EFBC}") = "HullSpeedNickolai", "HullSpeedNickolai\HullSpeedNickolai.csproj", "{0703D937-96E7-4F4C-BB2C-31AA736F91A1}"
EndProject
Global
	GlobalSection(SolutionConfigurationPlatforms) = preSolution
		Debug|Any CPU = Debug|Any CPU
		Release|Any CPU = Release|Any CPU
	EndGlobalSection
	GlobalSection(ProjectConfigurationPlatforms) = postSolution
		{0703D937-96E7-4F4C-BB2C-31AA736F91A1}.Debug|Any CPU.ActiveCfg = Debug|Any CPU
		{0703D937-96E7-4F4C-BB2C-31AA736F91A1}.Debug|Any CPU.Build.0 = Debug|Any CPU
		{0703D937-96E7-4F4C-BB2C-31AA736F91A1}.Release|Any CPU.ActiveCfg = Release|Any CPU
		{0703D937-96E7-4F4C-BB2C-31AA736F91A1}.Release|Any CPU.Build.0 = Release|Any CPU
	EndGlobalSection
	GlobalSection(SolutionProperties) = preSolution
		HideSolutionNode = FALSE
	EndGlobalSection
	GlobalSection(ExtensibilityGlobals) = postSolution
		SolutionGuid = {8AD2F2BF-BB31-4C0A-AE50-90FAD29194CC}
	EndGlobalSection
EndGlobal
