
Microsoft Visual Studio Solution File, Format Version 12.00
# Visual Studio 15
VisualStudioVersion = 15.0.27130.2027
MinimumVisualStudioVersion = 10.0.40219.1
Project("{FAE04EC0-301F-11D3-BF4B-00C04F79EFBC}") = "HullSpeed", "HullSpeed\HullSpeed.csproj", "{27F18BE0-1FF0-4C60-ADCA-BF89DE40CF45}"
EndProject
Global
	GlobalSection(SolutionConfigurationPlatforms) = preSolution
		Debug|Any CPU = Debug|Any CPU
		Release|Any CPU = Release|Any CPU
	EndGlobalSection
	GlobalSection(ProjectConfigurationPlatforms) = postSolution
		{27F18BE0-1FF0-4C60-ADCA-BF89DE40CF45}.Debug|Any CPU.ActiveCfg = Debug|Any CPU
		{27F18BE0-1FF0-4C60-ADCA-BF89DE40CF45}.Debug|Any CPU.Build.0 = Debug|Any CPU
		{27F18BE0-1FF0-4C60-ADCA-BF89DE40CF45}.Release|Any CPU.ActiveCfg = Release|Any CPU
		{27F18BE0-1FF0-4C60-ADCA-BF89DE40CF45}.Release|Any CPU.Build.0 = Release|Any CPU
	EndGlobalSection
	GlobalSection(SolutionProperties) = preSolution
		HideSolutionNode = FALSE
	EndGlobalSection
	GlobalSection(ExtensibilityGlobals) = postSolution
		SolutionGuid = {C02A2D59-13AE-42C3-BFB7-3CB4FEE23C1E}
	EndGlobalSection
EndGlobal
