
Microsoft Visual Studio Solution File, Format Version 12.00
# Visual Studio 15
VisualStudioVersion = 15.0.27130.2036
MinimumVisualStudioVersion = 10.0.40219.1
Project("{FAE04EC0-301F-11D3-BF4B-00C04F79EFBC}") = "GUIAssignment", "GUIAssignment\GUIAssignment.csproj", "{B46ADADD-2766-404C-BC54-3B6FB60CC0F6}"
EndProject
Project("{FAE04EC0-301F-11D3-BF4B-00C04F79EFBC}") = "GUIAssignmentImproved", "GUIAssignmentImproved\GUIAssignmentImproved.csproj", "{930A7D7C-E13E-43B4-A853-E727F3530E0E}"
EndProject
Global
	GlobalSection(SolutionConfigurationPlatforms) = preSolution
		Debug|Any CPU = Debug|Any CPU
		Release|Any CPU = Release|Any CPU
	EndGlobalSection
	GlobalSection(ProjectConfigurationPlatforms) = postSolution
		{B46ADADD-2766-404C-BC54-3B6FB60CC0F6}.Debug|Any CPU.ActiveCfg = Debug|Any CPU
		{B46ADADD-2766-404C-BC54-3B6FB60CC0F6}.Debug|Any CPU.Build.0 = Debug|Any CPU
		{B46ADADD-2766-404C-BC54-3B6FB60CC0F6}.Release|Any CPU.ActiveCfg = Release|Any CPU
		{B46ADADD-2766-404C-BC54-3B6FB60CC0F6}.Release|Any CPU.Build.0 = Release|Any CPU
		{930A7D7C-E13E-43B4-A853-E727F3530E0E}.Debug|Any CPU.ActiveCfg = Debug|Any CPU
		{930A7D7C-E13E-43B4-A853-E727F3530E0E}.Debug|Any CPU.Build.0 = Debug|Any CPU
		{930A7D7C-E13E-43B4-A853-E727F3530E0E}.Release|Any CPU.ActiveCfg = Release|Any CPU
		{930A7D7C-E13E-43B4-A853-E727F3530E0E}.Release|Any CPU.Build.0 = Release|Any CPU
	EndGlobalSection
	GlobalSection(SolutionProperties) = preSolution
		HideSolutionNode = FALSE
	EndGlobalSection
	GlobalSection(ExtensibilityGlobals) = postSolution
		SolutionGuid = {94909209-CA20-4A3E-8108-53A5EDCECF3A}
	EndGlobalSection
EndGlobal
