
Microsoft Visual Studio Solution File, Format Version 12.00
# Visual Studio 15
VisualStudioVersion = 15.0.27130.2027
MinimumVisualStudioVersion = 10.0.40219.1
Project("{9A19103F-16F7-4668-BE54-9A1E7A4F7556}") = "ReportGeneratorNickolai", "ReportGeneratorNickolai\ReportGeneratorNickolai.csproj", "{2F6E51DA-8A2B-4C57-9E9A-6374C479B0F0}"
EndProject
Project("{FAE04EC0-301F-11D3-BF4B-00C04F79EFBC}") = "ReportGeneratorHandout", "ReportGeneratorHandout\ReportGeneratorHandout.csproj", "{6B5C8296-B54F-4D65-B894-45776DC6FD2F}"
EndProject
Project("{FAE04EC0-301F-11D3-BF4B-00C04F79EFBC}") = "ReportGeneratorNickolai.Application", "ReportGeneratorNickolai.Application\ReportGeneratorNickolai.Application.csproj", "{A9F83CFD-FFA9-439B-A6D9-1784D2F72FEF}"
EndProject
Global
	GlobalSection(SolutionConfigurationPlatforms) = preSolution
		Debug|Any CPU = Debug|Any CPU
		Release|Any CPU = Release|Any CPU
	EndGlobalSection
	GlobalSection(ProjectConfigurationPlatforms) = postSolution
		{2F6E51DA-8A2B-4C57-9E9A-6374C479B0F0}.Debug|Any CPU.ActiveCfg = Debug|Any CPU
		{2F6E51DA-8A2B-4C57-9E9A-6374C479B0F0}.Debug|Any CPU.Build.0 = Debug|Any CPU
		{2F6E51DA-8A2B-4C57-9E9A-6374C479B0F0}.Release|Any CPU.ActiveCfg = Release|Any CPU
		{2F6E51DA-8A2B-4C57-9E9A-6374C479B0F0}.Release|Any CPU.Build.0 = Release|Any CPU
		{6B5C8296-B54F-4D65-B894-45776DC6FD2F}.Debug|Any CPU.ActiveCfg = Debug|Any CPU
		{6B5C8296-B54F-4D65-B894-45776DC6FD2F}.Debug|Any CPU.Build.0 = Debug|Any CPU
		{6B5C8296-B54F-4D65-B894-45776DC6FD2F}.Release|Any CPU.ActiveCfg = Release|Any CPU
		{6B5C8296-B54F-4D65-B894-45776DC6FD2F}.Release|Any CPU.Build.0 = Release|Any CPU
		{A9F83CFD-FFA9-439B-A6D9-1784D2F72FEF}.Debug|Any CPU.ActiveCfg = Debug|Any CPU
		{A9F83CFD-FFA9-439B-A6D9-1784D2F72FEF}.Debug|Any CPU.Build.0 = Debug|Any CPU
		{A9F83CFD-FFA9-439B-A6D9-1784D2F72FEF}.Release|Any CPU.ActiveCfg = Release|Any CPU
		{A9F83CFD-FFA9-439B-A6D9-1784D2F72FEF}.Release|Any CPU.Build.0 = Release|Any CPU
	EndGlobalSection
	GlobalSection(SolutionProperties) = preSolution
		HideSolutionNode = FALSE
	EndGlobalSection
	GlobalSection(ExtensibilityGlobals) = postSolution
		SolutionGuid = {58644D3F-EE52-44FF-AE12-4C36F7E6DFCF}
	EndGlobalSection
EndGlobal
