
Microsoft Visual Studio Solution File, Format Version 12.00
# Visual Studio 15
VisualStudioVersion = 15.0.27130.2036
MinimumVisualStudioVersion = 10.0.40219.1
Project("{FAE04EC0-301F-11D3-BF4B-00C04F79EFBC}") = "measurement_server", "measurement_server\measurement_server.csproj", "{AA4514F8-B2CC-4C63-A237-29472271F4F9}"
EndProject
Project("{FAE04EC0-301F-11D3-BF4B-00C04F79EFBC}") = "get_measurement", "get_measurement\get_measurement.csproj", "{51EF03E4-1814-40B6-AAB0-C52D990F7C07}"
EndProject
Global
	GlobalSection(SolutionConfigurationPlatforms) = preSolution
		Debug|Any CPU = Debug|Any CPU
		Release|Any CPU = Release|Any CPU
	EndGlobalSection
	GlobalSection(ProjectConfigurationPlatforms) = postSolution
		{AA4514F8-B2CC-4C63-A237-29472271F4F9}.Debug|Any CPU.ActiveCfg = Debug|Any CPU
		{AA4514F8-B2CC-4C63-A237-29472271F4F9}.Debug|Any CPU.Build.0 = Debug|Any CPU
		{AA4514F8-B2CC-4C63-A237-29472271F4F9}.Release|Any CPU.ActiveCfg = Release|Any CPU
		{AA4514F8-B2CC-4C63-A237-29472271F4F9}.Release|Any CPU.Build.0 = Release|Any CPU
		{51EF03E4-1814-40B6-AAB0-C52D990F7C07}.Debug|Any CPU.ActiveCfg = Debug|Any CPU
		{51EF03E4-1814-40B6-AAB0-C52D990F7C07}.Debug|Any CPU.Build.0 = Debug|Any CPU
		{51EF03E4-1814-40B6-AAB0-C52D990F7C07}.Release|Any CPU.ActiveCfg = Release|Any CPU
		{51EF03E4-1814-40B6-AAB0-C52D990F7C07}.Release|Any CPU.Build.0 = Release|Any CPU
	EndGlobalSection
	GlobalSection(SolutionProperties) = preSolution
		HideSolutionNode = FALSE
	EndGlobalSection
	GlobalSection(ExtensibilityGlobals) = postSolution
		SolutionGuid = {71CEFA7A-0267-49D6-8A2C-E0307E606FA9}
	EndGlobalSection
EndGlobal
