
Microsoft Visual Studio Solution File, Format Version 12.00
# Visual Studio 15
VisualStudioVersion = 15.0.27130.2036
MinimumVisualStudioVersion = 10.0.40219.1
Project("{FAE04EC0-301F-11D3-BF4B-00C04F79EFBC}") = "DoorControl", "DoorControl\DoorControl.csproj", "{842F0106-EA76-4FDE-90F3-85C2F9765998}"
EndProject
Project("{FAE04EC0-301F-11D3-BF4B-00C04F79EFBC}") = "DoorControl.Test.Unit", "DoorControl.Test.Unit\DoorControl.Test.Unit.csproj", "{D1216811-AB33-49E5-AC0D-AA28E9DE2DB1}"
EndProject
Global
	GlobalSection(SolutionConfigurationPlatforms) = preSolution
		Debug|Any CPU = Debug|Any CPU
		Release|Any CPU = Release|Any CPU
	EndGlobalSection
	GlobalSection(ProjectConfigurationPlatforms) = postSolution
		{842F0106-EA76-4FDE-90F3-85C2F9765998}.Debug|Any CPU.ActiveCfg = Debug|Any CPU
		{842F0106-EA76-4FDE-90F3-85C2F9765998}.Debug|Any CPU.Build.0 = Debug|Any CPU
		{842F0106-EA76-4FDE-90F3-85C2F9765998}.Release|Any CPU.ActiveCfg = Release|Any CPU
		{842F0106-EA76-4FDE-90F3-85C2F9765998}.Release|Any CPU.Build.0 = Release|Any CPU
		{D1216811-AB33-49E5-AC0D-AA28E9DE2DB1}.Debug|Any CPU.ActiveCfg = Debug|Any CPU
		{D1216811-AB33-49E5-AC0D-AA28E9DE2DB1}.Debug|Any CPU.Build.0 = Debug|Any CPU
		{D1216811-AB33-49E5-AC0D-AA28E9DE2DB1}.Release|Any CPU.ActiveCfg = Release|Any CPU
		{D1216811-AB33-49E5-AC0D-AA28E9DE2DB1}.Release|Any CPU.Build.0 = Release|Any CPU
	EndGlobalSection
	GlobalSection(SolutionProperties) = preSolution
		HideSolutionNode = FALSE
	EndGlobalSection
	GlobalSection(ExtensibilityGlobals) = postSolution
		SolutionGuid = {8FB8171E-68DE-41A3-82CA-3AF146D5DF15}
	EndGlobalSection
EndGlobal
