
Microsoft Visual Studio Solution File, Format Version 12.00
# Visual Studio 15
VisualStudioVersion = 15.0.27130.2036
MinimumVisualStudioVersion = 10.0.40219.1
Project("{FAE04EC0-301F-11D3-BF4B-00C04F79EFBC}") = "file_server", "Exercise6\file_server.csproj", "{F7DA4AF4-F809-48C2-A4A3-18FB107A3651}"
EndProject
Project("{FAE04EC0-301F-11D3-BF4B-00C04F79EFBC}") = "file_client", "file_client\file_client.csproj", "{7843E0F2-AC7C-484B-A26F-B9EB59CF1739}"
EndProject
Project("{FAE04EC0-301F-11D3-BF4B-00C04F79EFBC}") = "LIB", "LIB\LIB.csproj", "{B74C6B12-6130-4C53-B95D-4F6F998A24CC}"
EndProject
Global
	GlobalSection(SolutionConfigurationPlatforms) = preSolution
		Debug|Any CPU = Debug|Any CPU
		Release|Any CPU = Release|Any CPU
	EndGlobalSection
	GlobalSection(ProjectConfigurationPlatforms) = postSolution
		{F7DA4AF4-F809-48C2-A4A3-18FB107A3651}.Debug|Any CPU.ActiveCfg = Debug|Any CPU
		{F7DA4AF4-F809-48C2-A4A3-18FB107A3651}.Debug|Any CPU.Build.0 = Debug|Any CPU
		{F7DA4AF4-F809-48C2-A4A3-18FB107A3651}.Release|Any CPU.ActiveCfg = Release|Any CPU
		{F7DA4AF4-F809-48C2-A4A3-18FB107A3651}.Release|Any CPU.Build.0 = Release|Any CPU
		{7843E0F2-AC7C-484B-A26F-B9EB59CF1739}.Debug|Any CPU.ActiveCfg = Debug|Any CPU
		{7843E0F2-AC7C-484B-A26F-B9EB59CF1739}.Debug|Any CPU.Build.0 = Debug|Any CPU
		{7843E0F2-AC7C-484B-A26F-B9EB59CF1739}.Release|Any CPU.ActiveCfg = Release|Any CPU
		{7843E0F2-AC7C-484B-A26F-B9EB59CF1739}.Release|Any CPU.Build.0 = Release|Any CPU
		{B74C6B12-6130-4C53-B95D-4F6F998A24CC}.Debug|Any CPU.ActiveCfg = Debug|Any CPU
		{B74C6B12-6130-4C53-B95D-4F6F998A24CC}.Debug|Any CPU.Build.0 = Debug|Any CPU
		{B74C6B12-6130-4C53-B95D-4F6F998A24CC}.Release|Any CPU.ActiveCfg = Release|Any CPU
		{B74C6B12-6130-4C53-B95D-4F6F998A24CC}.Release|Any CPU.Build.0 = Release|Any CPU
	EndGlobalSection
	GlobalSection(SolutionProperties) = preSolution
		HideSolutionNode = FALSE
	EndGlobalSection
	GlobalSection(ExtensibilityGlobals) = postSolution
		SolutionGuid = {BCE388ED-9792-4B7D-9C54-B7ACB74B5A93}
	EndGlobalSection
EndGlobal
